<Solution>
  <Folder Name="/Core/">
    <Project Path="Application/Application.csproj" />
    <Project Path="Domain/Domain.csproj" Id="a5edec22-e78e-460c-b2f9-d701aa99bb2e" />
  </Folder>
  <Folder Name="/Infrastructure/">
    <Project Path="Infrastructure/Infrastructure.csproj" />
  </Folder>
  <Folder Name="/Presentation/">
    <Project Path="Api/Api.csproj" />
  </Folder>
</Solution>
